
Microsoft Visual Studio Solution File, Format Version 11.00
# Visual Studio 2010
Project("{FAE04EC0-301F-11D3-BF4B-00C04F79EFBC}") = "BreakCube", "Assembly-CSharp.csproj", "{1D71FC78-74A8-BDC9-21C6-07D016EFB548}"
EndProject
Project("{FAE04EC0-301F-11D3-BF4B-00C04F79EFBC}") = "BreakCube", "Assembly-CSharp-Editor-firstpass.csproj", "{B772754E-73C9-F85F-16F4-9CCB86F50945}"
EndProject
Project("{FAE04EC0-301F-11D3-BF4B-00C04F79EFBC}") = "BreakCube", "Assembly-CSharp-Editor.csproj", "{C3DBD62B-58CE-698E-0E5D-62CEDE79DC9C}"
EndProject
Global
	GlobalSection(SolutionConfigurationPlatforms) = preSolution
		Debug|Any CPU = Debug|Any CPU
		Release|Any CPU = Release|Any CPU
	EndGlobalSection
	GlobalSection(ProjectConfigurationPlatforms) = postSolution
		{1D71FC78-74A8-BDC9-21C6-07D016EFB548}.Debug|Any CPU.ActiveCfg = Debug|Any CPU
		{1D71FC78-74A8-BDC9-21C6-07D016EFB548}.Debug|Any CPU.Build.0 = Debug|Any CPU
		{1D71FC78-74A8-BDC9-21C6-07D016EFB548}.Release|Any CPU.ActiveCfg = Release|Any CPU
		{1D71FC78-74A8-BDC9-21C6-07D016EFB548}.Release|Any CPU.Build.0 = Release|Any CPU
		{B772754E-73C9-F85F-16F4-9CCB86F50945}.Debug|Any CPU.ActiveCfg = Debug|Any CPU
		{B772754E-73C9-F85F-16F4-9CCB86F50945}.Debug|Any CPU.Build.0 = Debug|Any CPU
		{B772754E-73C9-F85F-16F4-9CCB86F50945}.Release|Any CPU.ActiveCfg = Release|Any CPU
		{B772754E-73C9-F85F-16F4-9CCB86F50945}.Release|Any CPU.Build.0 = Release|Any CPU
		{C3DBD62B-58CE-698E-0E5D-62CEDE79DC9C}.Debug|Any CPU.ActiveCfg = Debug|Any CPU
		{C3DBD62B-58CE-698E-0E5D-62CEDE79DC9C}.Debug|Any CPU.Build.0 = Debug|Any CPU
		{C3DBD62B-58CE-698E-0E5D-62CEDE79DC9C}.Release|Any CPU.ActiveCfg = Release|Any CPU
		{C3DBD62B-58CE-698E-0E5D-62CEDE79DC9C}.Release|Any CPU.Build.0 = Release|Any CPU
	EndGlobalSection
	GlobalSection(SolutionProperties) = preSolution
		HideSolutionNode = FALSE
	EndGlobalSection
	GlobalSection(MonoDevelopProperties) = preSolution
		StartupItem = Assembly-CSharp.csproj
	EndGlobalSection
EndGlobal
